<?xml version="1.0" encoding="utf-8"?>
<Project ToolsVersion="4.0" xmlns="http://schemas.microsoft.com/developer/msbuild/2003">
  <ItemGroup>
    <Filter Include="Source Files">
      <UniqueIdentifier>{4FC737F1-C7A5-4376-A066-2A32D752A2FF}</UniqueIdentifier>
      <Extensions>cpp;c;cc;cxx;c++;cppm;ixx;def;odl;idl;hpj;bat;asm;asmx</Extensions>
    </Filter>
    <Filter Include="Header Files">
      <UniqueIdentifier>{93995380-89BD-4b04-88EB-625FBE52EBFB}</UniqueIdentifier>
      <Extensions>h;hh;hpp;hxx;h++;hm;inl;inc;ipp;xsd</Extensions>
    </Filter>
    <Filter Include="Resource Files">
      <UniqueIdentifier>{67DA6AB6-F800-4c08-8B7A-83BB121AAD01}</UniqueIdentifier>
      <Extensions>rc;ico;cur;bmp;dlg;rc2;rct;bin;rgs;gif;jpg;jpeg;jpe;resx;tiff;tif;png;wav;mfcribbon-ms</Extensions>
    </Filter>
  </ItemGroup>
  <ItemGroup>
    <ClCompile Include="source\main.cpp">
      <Filter>Source Files</Filter>
    </ClCompile>
    <ClCompile Include="source\components\ComponentCamera.cpp">
      <Filter>Source Files</Filter>
    </ClCompile>
    <ClCompile Include="source\components\ComponentTransform.cpp">
      <Filter>Source Files</Filter>
    </ClCompile>
    <ClCompile Include="source\containers\ByteBuffer.cpp">
      <Filter>Source Files</Filter>
    </ClCompile>
    <ClCompile Include="source\containers\SlotMap.cpp">
      <Filter>Source Files</Filter>
    </ClCompile>
    <ClCompile Include="source\device\Device.cpp">
      <Filter>Source Files</Filter>
    </ClCompile>
    <ClCompile Include="source\fileio\FileIO.cpp">
      <Filter>Source Files</Filter>
    </ClCompile>
    <ClCompile Include="source\input\RawInput.cpp">
      <Filter>Source Files</Filter>
    </ClCompile>
    <ClCompile Include="source\math\Geometry.cpp">
      <Filter>Source Files</Filter>
    </ClCompile>
    <ClCompile Include="source\renderer\DX12\ComputeRendererDX12.cpp">
      <Filter>Source Files</Filter>
    </ClCompile>
    <ClCompile Include="source\renderer\DX12\ModelRendererDX12.cpp">
      <Filter>Source Files</Filter>
    </ClCompile>
    <ClCompile Include="source\renderer\DX12\RendererDX12.cpp">
      <Filter>Source Files</Filter>
    </ClCompile>
    <ClCompile Include="source\renderer\DX12\ShaderDX12.cpp">
      <Filter>Source Files</Filter>
    </ClCompile>
    <ClCompile Include="source\renderer\DX12\ShaderInputsBuilderDX12.cpp">
      <Filter>Source Files</Filter>
    </ClCompile>
    <ClCompile Include="source\renderer\DX12\ShaderInputsDX12.cpp">
      <Filter>Source Files</Filter>
    </ClCompile>
    <ClCompile Include="source\renderer\DX12\StorageBufferDX12.cpp">
      <Filter>Source Files</Filter>
    </ClCompile>
    <ClCompile Include="source\renderer\DX12\TextureDX12.cpp">
      <Filter>Source Files</Filter>
    </ClCompile>
    <ClCompile Include="source\renderer\DX12\UniformBufferDX12.cpp">
      <Filter>Source Files</Filter>
    </ClCompile>
    <ClCompile Include="source\resources\Image.cpp">
      <Filter>Source Files</Filter>
    </ClCompile>
    <ClCompile Include="source\resources\Material.cpp">
      <Filter>Source Files</Filter>
    </ClCompile>
    <ClCompile Include="source\resources\Mesh.cpp">
      <Filter>Source Files</Filter>
    </ClCompile>
    <ClCompile Include="source\resources\Model.cpp">
      <Filter>Source Files</Filter>
    </ClCompile>
    <ClCompile Include="source\renderer\DX12\Helpers\DXCommandList.cpp">
      <Filter>Source Files</Filter>
    </ClCompile>
    <ClCompile Include="source\renderer\DX12\Helpers\DXCommandQueue.cpp">
      <Filter>Source Files</Filter>
    </ClCompile>
    <ClCompile Include="source\renderer\DX12\Helpers\DXDescHeap.cpp">
      <Filter>Source Files</Filter>
    </ClCompile>
    <ClCompile Include="source\renderer\DX12\Helpers\DXGPUSync.cpp">
      <Filter>Source Files</Filter>
    </ClCompile>
    <ClCompile Include="source\renderer\DX12\Helpers\DXPipeline.cpp">
      <Filter>Source Files</Filter>
    </ClCompile>
    <ClCompile Include="source\renderer\DX12\Helpers\DXResource.cpp">
      <Filter>Source Files</Filter>
    </ClCompile>
    <ClCompile Include="source\renderer\DX12\Helpers\DXSignature.cpp">
      <Filter>Source Files</Filter>
    </ClCompile>
    <ClCompile Include="external\DXR\nv_helpers_dx12\BottomLevelASGenerator.cpp">
      <Filter>Source Files</Filter>
    </ClCompile>
    <ClCompile Include="external\DXR\nv_helpers_dx12\RaytracingPipelineGenerator.cpp">
      <Filter>Source Files</Filter>
    </ClCompile>
    <ClCompile Include="external\DXR\nv_helpers_dx12\RootSignatureGenerator.cpp">
      <Filter>Source Files</Filter>
    </ClCompile>
    <ClCompile Include="external\DXR\nv_helpers_dx12\ShaderBindingTableGenerator.cpp">
      <Filter>Source Files</Filter>
    </ClCompile>
    <ClCompile Include="external\DXR\nv_helpers_dx12\TopLevelASGenerator.cpp">
      <Filter>Source Files</Filter>
    </ClCompile>
    <ClCompile Include="source\device\DX12\DXFactory.cpp">
      <Filter>Source Files</Filter>
    </ClCompile>
  </ItemGroup>
  <ItemGroup>
    <ClInclude Include="source\components\ComponentCamera.hpp">
      <Filter>Header Files</Filter>
    </ClInclude>
    <ClInclude Include="source\components\ComponentTransform.hpp">
      <Filter>Header Files</Filter>
    </ClInclude>
    <ClInclude Include="source\containers\ByteBuffer.hpp">
      <Filter>Header Files</Filter>
    </ClInclude>
    <ClInclude Include="source\containers\SlotMap.hpp">
      <Filter>Header Files</Filter>
    </ClInclude>
    <ClInclude Include="source\device\Device.hpp">
      <Filter>Header Files</Filter>
    </ClInclude>
    <ClInclude Include="source\ecs\EntityComponentSystem.hpp">
      <Filter>Header Files</Filter>
    </ClInclude>
    <ClInclude Include="source\fileio\FileIO.hpp">
      <Filter>Header Files</Filter>
    </ClInclude>
    <ClInclude Include="source\fileio\ResourceHandle.hpp">
      <Filter>Header Files</Filter>
    </ClInclude>
    <ClInclude Include="source\fileio\Serialization.hpp">
      <Filter>Header Files</Filter>
    </ClInclude>
    <ClInclude Include="source\input\InputCodes.hpp">
      <Filter>Header Files</Filter>
    </ClInclude>
    <ClInclude Include="source\input\RawInput.hpp">
      <Filter>Header Files</Filter>
    </ClInclude>
    <ClInclude Include="source\math\Algebra.hpp">
      <Filter>Header Files</Filter>
    </ClInclude>
    <ClInclude Include="source\math\Geometry.hpp">
      <Filter>Header Files</Filter>
    </ClInclude>
    <ClInclude Include="source\renderer\ComputeRenderer.hpp">
      <Filter>Header Files</Filter>
    </ClInclude>
    <ClInclude Include="source\renderer\DepthStencil.hpp">
      <Filter>Header Files</Filter>
    </ClInclude>
    <ClInclude Include="source\renderer\InfoStructs.hpp">
      <Filter>Header Files</Filter>
    </ClInclude>
    <ClInclude Include="source\renderer\ModelRenderer.hpp">
      <Filter>Header Files</Filter>
    </ClInclude>
    <ClInclude Include="source\renderer\Renderer.hpp">
      <Filter>Header Files</Filter>
    </ClInclude>
    <ClInclude Include="source\renderer\RenderTarget.hpp">
      <Filter>Header Files</Filter>
    </ClInclude>
    <ClInclude Include="source\renderer\Sampler.hpp">
      <Filter>Header Files</Filter>
    </ClInclude>
    <ClInclude Include="source\renderer\Shader.hpp">
      <Filter>Header Files</Filter>
    </ClInclude>
    <ClInclude Include="source\renderer\ShaderInputCollection.hpp">
      <Filter>Header Files</Filter>
    </ClInclude>
    <ClInclude Include="source\renderer\ShaderInputCollectionBuilder.hpp">
      <Filter>Header Files</Filter>
    </ClInclude>
    <ClInclude Include="source\renderer\StorageBuffer.hpp">
      <Filter>Header Files</Filter>
    </ClInclude>
    <ClInclude Include="source\renderer\SubRenderer.hpp">
      <Filter>Header Files</Filter>
    </ClInclude>
    <ClInclude Include="source\renderer\UniformBuffer.hpp">
      <Filter>Header Files</Filter>
    </ClInclude>
    <ClInclude Include="source\resources\Image.hpp">
      <Filter>Header Files</Filter>
    </ClInclude>
    <ClInclude Include="source\resources\Material.hpp">
      <Filter>Header Files</Filter>
    </ClInclude>
    <ClInclude Include="source\resources\Mesh.hpp">
      <Filter>Header Files</Filter>
    </ClInclude>
    <ClInclude Include="source\resources\Model.hpp">
      <Filter>Header Files</Filter>
    </ClInclude>
    <ClInclude Include="source\resources\Texture.hpp">
      <Filter>Header Files</Filter>
    </ClInclude>
    <ClInclude Include="source\tools\Log.hpp">
      <Filter>Header Files</Filter>
    </ClInclude>
    <ClInclude Include="source\tools\Profiler.hpp">
      <Filter>Header Files</Filter>
    </ClInclude>
    <ClInclude Include="source\tools\Timer.hpp">
      <Filter>Header Files</Filter>
    </ClInclude>
    <ClInclude Include="source\renderer\DX12\Helpers\DXIncludes.hpp">
      <Filter>Header Files</Filter>
    </ClInclude>
    <ClInclude Include="source\renderer\DX12\Helpers\DX12Common.hpp">
      <Filter>Header Files</Filter>
    </ClInclude>
    <ClInclude Include="source\renderer\DX12\Helpers\DX12Conversion.hpp">
      <Filter>Header Files</Filter>
    </ClInclude>
    <ClInclude Include="source\renderer\DX12\Helpers\DXCommandList.hpp">
      <Filter>Header Files</Filter>
    </ClInclude>
    <ClInclude Include="source\renderer\DX12\Helpers\DXCommandQueue.hpp">
      <Filter>Header Files</Filter>
    </ClInclude>
    <ClInclude Include="source\renderer\DX12\Helpers\DXDescHeap.hpp">
      <Filter>Header Files</Filter>
    </ClInclude>
    <ClInclude Include="source\renderer\DX12\Helpers\DXGPUSync.hpp">
      <Filter>Header Files</Filter>
    </ClInclude>
    <ClInclude Include="source\renderer\DX12\Helpers\DXHeapHandle.hpp">
      <Filter>Header Files</Filter>
    </ClInclude>
    <ClInclude Include="source\renderer\DX12\Helpers\DXPipeline.hpp">
      <Filter>Header Files</Filter>
    </ClInclude>
    <ClInclude Include="source\renderer\DX12\Helpers\DXResource.hpp">
      <Filter>Header Files</Filter>
    </ClInclude>
    <ClInclude Include="source\renderer\DX12\Helpers\DXSignature.hpp">
      <Filter>Header Files</Filter>
    </ClInclude>
    <ClInclude Include="external\DXR\nv_helpers_dx12\BottomLevelASGenerator.h">
      <Filter>Header Files</Filter>
    </ClInclude>
    <ClInclude Include="external\DXR\nv_helpers_dx12\RaytracingPipelineGenerator.h">
      <Filter>Header Files</Filter>
    </ClInclude>
    <ClInclude Include="external\DXR\nv_helpers_dx12\RootSignatureGenerator.h">
      <Filter>Header Files</Filter>
    </ClInclude>
    <ClInclude Include="external\DXR\nv_helpers_dx12\ShaderBindingTableGenerator.h">
      <Filter>Header Files</Filter>
    </ClInclude>
    <ClInclude Include="external\DXR\nv_helpers_dx12\TopLevelASGenerator.h">
      <Filter>Header Files</Filter>
    </ClInclude>
    <ClInclude Include="external\DXR\DXRHelper.h">
      <Filter>Header Files</Filter>
    </ClInclude>
    <ClInclude Include="source\device\DX12\DXFactory.hpp">
      <Filter>Header Files</Filter>
    </ClInclude>
    <ClInclude Include="source\renderer\ShaderInput.hpp">
      <Filter>Header Files</Filter>
    </ClInclude>
  </ItemGroup>
</Project>